// !$*UTF8*$!
{
	archiveVersion = 1;
	classes = {
	};
	objectVersion = 48;
	objects = {

/* Begin PBXBuildFile section */
		87474AC6206DCDE400C4AC9E /* AppDelegate.swift in Sources */ = {isa = PBXBuildFile; fileRef = 87474AC5206DCDE400C4AC9E /* AppDelegate.swift */; };
		87474AC8206DCDE400C4AC9E /* ViewController.swift in Sources */ = {isa = PBXBuildFile; fileRef = 87474AC7206DCDE400C4AC9E /* ViewController.swift */; };
		87474ACB206DCDE400C4AC9E /* Main.storyboard in Resources */ = {isa = PBXBuildFile; fileRef = 87474AC9206DCDE400C4AC9E /* Main.storyboard */; };
		87474ACD206DCDE400C4AC9E /* Assets.xcassets in Resources */ = {isa = PBXBuildFile; fileRef = 87474ACC206DCDE400C4AC9E /* Assets.xcassets */; };
		87474AD0206DCDE400C4AC9E /* LaunchScreen.storyboard in Resources */ = {isa = PBXBuildFile; fileRef = 87474ACE206DCDE400C4AC9E /* LaunchScreen.storyboard */; };
		87B2366E206E36DC0019E4D8 /* MovieTableCell.swift in Sources */ = {isa = PBXBuildFile; fileRef = 87B2366D206E36DC0019E4D8 /* MovieTableCell.swift */; };
		87B23673206E385D0019E4D8 /* Movie.swift in Sources */ = {isa = PBXBuildFile; fileRef = 87B23672206E385D0019E4D8 /* Movie.swift */; };
		87B23675206E45370019E4D8 /* APIServer.swift in Sources */ = {isa = PBXBuildFile; fileRef = 87B23674206E45370019E4D8 /* APIServer.swift */; };
		D08957428FFC0A1525139E6F /* Pods_TableView.framework in Frameworks */ = {isa = PBXBuildFile; fileRef = 1A85EB438DCC71DF59BDBB25 /* Pods_TableView.framework */; };
/* End PBXBuildFile section */

/* Begin PBXFileReference section */
		1A85EB438DCC71DF59BDBB25 /* Pods_TableView.framework */ = {isa = PBXFileReference; explicitFileType = wrapper.framework; includeInIndex = 0; path = Pods_TableView.framework; sourceTree = BUILT_PRODUCTS_DIR; };
		47A7B35010B2DA4F07088132 /* Pods-TableView.release.xcconfig */ = {isa = PBXFileReference; includeInIndex = 1; lastKnownFileType = text.xcconfig; name = "Pods-TableView.release.xcconfig"; path = "Pods/Target Support Files/Pods-TableView/Pods-TableView.release.xcconfig"; sourceTree = "<group>"; };
		87474AC2206DCDE400C4AC9E /* TableView.app */ = {isa = PBXFileReference; explicitFileType = wrapper.application; includeInIndex = 0; path = TableView.app; sourceTree = BUILT_PRODUCTS_DIR; };
		87474AC5206DCDE400C4AC9E /* AppDelegate.swift */ = {isa = PBXFileReference; lastKnownFileType = sourcecode.swift; path = AppDelegate.swift; sourceTree = "<group>"; };
		87474AC7206DCDE400C4AC9E /* ViewController.swift */ = {isa = PBXFileReference; lastKnownFileType = sourcecode.swift; path = ViewController.swift; sourceTree = "<group>"; };
		87474ACA206DCDE400C4AC9E /* Base */ = {isa = PBXFileReference; lastKnownFileType = file.storyboard; name = Base; path = Base.lproj/Main.storyboard; sourceTree = "<group>"; };
		87474ACC206DCDE400C4AC9E /* Assets.xcassets */ = {isa = PBXFileReference; lastKnownFileType = folder.assetcatalog; path = Assets.xcassets; sourceTree = "<group>"; };
		87474ACF206DCDE400C4AC9E /* Base */ = {isa = PBXFileReference; lastKnownFileType = file.storyboard; name = Base; path = Base.lproj/LaunchScreen.storyboard; sourceTree = "<group>"; };
		87474AD1206DCDE400C4AC9E /* Info.plist */ = {isa = PBXFileReference; lastKnownFileType = text.plist.xml; path = Info.plist; sourceTree = "<group>"; };
		87B2366D206E36DC0019E4D8 /* MovieTableCell.swift */ = {isa = PBXFileReference; lastKnownFileType = sourcecode.swift; path = MovieTableCell.swift; sourceTree = "<group>"; };
		87B23672206E385D0019E4D8 /* Movie.swift */ = {isa = PBXFileReference; lastKnownFileType = sourcecode.swift; path = Movie.swift; sourceTree = "<group>"; };
		87B23674206E45370019E4D8 /* APIServer.swift */ = {isa = PBXFileReference; lastKnownFileType = sourcecode.swift; path = APIServer.swift; sourceTree = "<group>"; };
		DCBF341A2CD96031A515712F /* Pods-TableView.debug.xcconfig */ = {isa = PBXFileReference; includeInIndex = 1; lastKnownFileType = text.xcconfig; name = "Pods-TableView.debug.xcconfig"; path = "Pods/Target Support Files/Pods-TableView/Pods-TableView.debug.xcconfig"; sourceTree = "<group>"; };
/* End PBXFileReference section */

/* Begin PBXFrameworksBuildPhase section */
		87474ABF206DCDE400C4AC9E /* Frameworks */ = {
			isa = PBXFrameworksBuildPhase;
			buildActionMask = 2147483647;
			files = (
				D08957428FFC0A1525139E6F /* Pods_TableView.framework in Frameworks */,
			);
			runOnlyForDeploymentPostprocessing = 0;
		};
/* End PBXFrameworksBuildPhase section */

/* Begin PBXGroup section */
		706FDA1F5240C711B9CFB06C /* Frameworks */ = {
			isa = PBXGroup;
			children = (
				1A85EB438DCC71DF59BDBB25 /* Pods_TableView.framework */,
			);
			name = Frameworks;
			sourceTree = "<group>";
		};
		87474AB9206DCDE400C4AC9E = {
			isa = PBXGroup;
			children = (
				87474AC4206DCDE400C4AC9E /* TableView */,
				87474AC3206DCDE400C4AC9E /* Products */,
				CE0E435CB83315C5A3671A31 /* Pods */,
				706FDA1F5240C711B9CFB06C /* Frameworks */,
			);
			sourceTree = "<group>";
		};
		87474AC3206DCDE400C4AC9E /* Products */ = {
			isa = PBXGroup;
			children = (
				87474AC2206DCDE400C4AC9E /* TableView.app */,
			);
			name = Products;
			sourceTree = "<group>";
		};
		87474AC4206DCDE400C4AC9E /* TableView */ = {
			isa = PBXGroup;
			children = (
				87B2366F206E37FC0019E4D8 /* model */,
				87474AC5206DCDE400C4AC9E /* AppDelegate.swift */,
				87474AC7206DCDE400C4AC9E /* ViewController.swift */,
				87474AC9206DCDE400C4AC9E /* Main.storyboard */,
				87474ACC206DCDE400C4AC9E /* Assets.xcassets */,
				87474ACE206DCDE400C4AC9E /* LaunchScreen.storyboard */,
				87474AD1206DCDE400C4AC9E /* Info.plist */,
				87B2366D206E36DC0019E4D8 /* MovieTableCell.swift */,
				87B23674206E45370019E4D8 /* APIServer.swift */,
			);
			path = TableView;
			sourceTree = "<group>";
		};
		87B2366F206E37FC0019E4D8 /* model */ = {
			isa = PBXGroup;
			children = (
				87B23672206E385D0019E4D8 /* Movie.swift */,
			);
			path = model;
			sourceTree = "<group>";
		};
		CE0E435CB83315C5A3671A31 /* Pods */ = {
			isa = PBXGroup;
			children = (
				DCBF341A2CD96031A515712F /* Pods-TableView.debug.xcconfig */,
				47A7B35010B2DA4F07088132 /* Pods-TableView.release.xcconfig */,
			);
			name = Pods;
			sourceTree = "<group>";
		};
/* End PBXGroup section */

/* Begin PBXNativeTarget section */
		87474AC1206DCDE400C4AC9E /* TableView */ = {
			isa = PBXNativeTarget;
			buildConfigurationList = 87474AD4206DCDE400C4AC9E /* Build configuration list for PBXNativeTarget "TableView" */;
			buildPhases = (
				C54DA2F472565C4AC47D6C98 /* [CP] Check Pods Manifest.lock */,
				87474ABE206DCDE400C4AC9E /* Sources */,
				87474ABF206DCDE400C4AC9E /* Frameworks */,
				87474AC0206DCDE400C4AC9E /* Resources */,
				BB76A8A613BEA82C08FD1EE2 /* [CP] Embed Pods Frameworks */,
				249E04CDAEFF6E2309FE95BF /* [CP] Copy Pods Resources */,
			);
			buildRules = (
			);
			dependencies = (
			);
			name = TableView;
			productName = TableView;
			productReference = 87474AC2206DCDE400C4AC9E /* TableView.app */;
			productType = "com.apple.product-type.application";
		};
/* End PBXNativeTarget section */

/* Begin PBXProject section */
		87474ABA206DCDE400C4AC9E /* Project object */ = {
			isa = PBXProject;
			attributes = {
				LastSwiftUpdateCheck = 0920;
				LastUpgradeCheck = 0920;
				ORGANIZATIONNAME = mai.thi.giang;
				TargetAttributes = {
					87474AC1206DCDE400C4AC9E = {
						CreatedOnToolsVersion = 9.2;
						ProvisioningStyle = Automatic;
					};
				};
			};
			buildConfigurationList = 87474ABD206DCDE400C4AC9E /* Build configuration list for PBXProject "TableView" */;
			compatibilityVersion = "Xcode 8.0";
			developmentRegion = en;
			hasScannedForEncodings = 0;
			knownRegions = (
				en,
				Base,
			);
			mainGroup = 87474AB9206DCDE400C4AC9E;
			productRefGroup = 87474AC3206DCDE400C4AC9E /* Products */;
			projectDirPath = "";
			projectRoot = "";
			targets = (
				87474AC1206DCDE400C4AC9E /* TableView */,
			);
		};
/* End PBXProject section */

/* Begin PBXResourcesBuildPhase section */
		87474AC0206DCDE400C4AC9E /* Resources */ = {
			isa = PBXResourcesBuildPhase;
			buildActionMask = 2147483647;
			files = (
				87474AD0206DCDE400C4AC9E /* LaunchScreen.storyboard in Resources */,
				87474ACD206DCDE400C4AC9E /* Assets.xcassets in Resources */,
				87474ACB206DCDE400C4AC9E /* Main.storyboard in Resources */,
			);
			runOnlyForDeploymentPostprocessing = 0;
		};
/* End PBXResourcesBuildPhase section */

/* Begin PBXShellScriptBuildPhase section */
		249E04CDAEFF6E2309FE95BF /* [CP] Copy Pods Resources */ = {
			isa = PBXShellScriptBuildPhase;
			buildActionMask = 2147483647;
			files = (
			);
			inputPaths = (
			);
			name = "[CP] Copy Pods Resources";
			outputPaths = (
			);
			runOnlyForDeploymentPostprocessing = 0;
			shellPath = /bin/sh;
			shellScript = "\"${SRCROOT}/Pods/Target Support Files/Pods-TableView/Pods-TableView-resources.sh\"\n";
			showEnvVarsInLog = 0;
		};
		BB76A8A613BEA82C08FD1EE2 /* [CP] Embed Pods Frameworks */ = {
			isa = PBXShellScriptBuildPhase;
			buildActionMask = 2147483647;
			files = (
			);
			inputPaths = (
				"${SRCROOT}/Pods/Target Support Files/Pods-TableView/Pods-TableView-frameworks.sh",
				"${BUILT_PRODUCTS_DIR}/Alamofire/Alamofire.framework",
				"${BUILT_PRODUCTS_DIR}/Kingfisher/Kingfisher.framework",
				"${BUILT_PRODUCTS_DIR}/SwiftyJSON/SwiftyJSON.framework",
			);
			name = "[CP] Embed Pods Frameworks";
			outputPaths = (
				"${TARGET_BUILD_DIR}/${FRAMEWORKS_FOLDER_PATH}/Alamofire.framework",
				"${TARGET_BUILD_DIR}/${FRAMEWORKS_FOLDER_PATH}/Kingfisher.framework",
				"${TARGET_BUILD_DIR}/${FRAMEWORKS_FOLDER_PATH}/SwiftyJSON.framework",
			);
			runOnlyForDeploymentPostprocessing = 0;
			shellPath = /bin/sh;
			shellScript = "\"${SRCROOT}/Pods/Target Support Files/Pods-TableView/Pods-TableView-frameworks.sh\"\n";
			showEnvVarsInLog = 0;
		};
		C54DA2F472565C4AC47D6C98 /* [CP] Check Pods Manifest.lock */ = {
			isa = PBXShellScriptBuildPhase;
			buildActionMask = 2147483647;
			files = (
			);
			inputPaths = (
				"${PODS_PODFILE_DIR_PATH}/Podfile.lock",
				"${PODS_ROOT}/Manifest.lock",
			);
			name = "[CP] Check Pods Manifest.lock";
			outputPaths = (
				"$(DERIVED_FILE_DIR)/Pods-TableView-checkManifestLockResult.txt",
			);
			runOnlyForDeploymentPostprocessing = 0;
			shellPath = /bin/sh;
			shellScript = "diff \"${PODS_PODFILE_DIR_PATH}/Podfile.lock\" \"${PODS_ROOT}/Manifest.lock\" > /dev/null\nif [ $? != 0 ] ; then\n    # print error to STDERR\n    echo \"error: The sandbox is not in sync with the Podfile.lock. Run 'pod install' or update your CocoaPods installation.\" >&2\n    exit 1\nfi\n# This output is used by Xcode 'outputs' to avoid re-running this script phase.\necho \"SUCCESS\" > \"${SCRIPT_OUTPUT_FILE_0}\"\n";
			showEnvVarsInLog = 0;
		};
/* End PBXShellScriptBuildPhase section */

/* Begin PBXSourcesBuildPhase section */
		87474ABE206DCDE400C4AC9E /* Sources */ = {
			isa = PBXSourcesBuildPhase;
			buildActionMask = 2147483647;
			files = (
				87474AC8206DCDE400C4AC9E /* ViewController.swift in Sources */,
				87474AC6206DCDE400C4AC9E /* AppDelegate.swift in Sources */,
				87B23673206E385D0019E4D8 /* Movie.swift in Sources */,
				87B23675206E45370019E4D8 /* APIServer.swift in Sources */,
				87B2366E206E36DC0019E4D8 /* MovieTableCell.swift in Sources */,
			);
			runOnlyForDeploymentPostprocessing = 0;
		};
/* End PBXSourcesBuildPhase section */

/* Begin PBXVariantGroup section */
		87474AC9206DCDE400C4AC9E /* Main.storyboard */ = {
			isa = PBXVariantGroup;
			children = (
				87474ACA206DCDE400C4AC9E /* Base */,
			);
			name = Main.storyboard;
			sourceTree = "<group>";
		};
		87474ACE206DCDE400C4AC9E /* LaunchScreen.storyboard */ = {
			isa = PBXVariantGroup;
			children = (
				87474ACF206DCDE400C4AC9E /* Base */,
			);
			name = LaunchScreen.storyboard;
			sourceTree = "<group>";
		};
/* End PBXVariantGroup section */

/* Begin XCBuildConfiguration section */
		87474AD2206DCDE400C4AC9E /* Debug */ = {
			isa = XCBuildConfiguration;
			buildSettings = {
				ALWAYS_SEARCH_USER_PATHS = NO;
				CLANG_ANALYZER_NONNULL = YES;
				CLANG_ANALYZER_NUMBER_OBJECT_CONVERSION = YES_AGGRESSIVE;
				CLANG_CXX_LANGUAGE_STANDARD = "gnu++14";
				CLANG_CXX_LIBRARY = "libc++";
				CLANG_ENABLE_MODULES = YES;
				CLANG_ENABLE_OBJC_ARC = YES;
				CLANG_WARN_BLOCK_CAPTURE_AUTORELEASING = YES;
				CLANG_WARN_BOOL_CONVERSION = YES;
				CLANG_WARN_COMMA = YES;
				CLANG_WARN_CONSTANT_CONVERSION = YES;
				CLANG_WARN_DIRECT_OBJC_ISA_USAGE = YES_ERROR;
				CLANG_WARN_DOCUMENTATION_COMMENTS = YES;
				CLANG_WARN_EMPTY_BODY = YES;
				CLANG_WARN_ENUM_CONVERSION = YES;
				CLANG_WARN_INFINITE_RECURSION = YES;
				CLANG_WARN_INT_CONVERSION = YES;
				CLANG_WARN_NON_LITERAL_NULL_CONVERSION = YES;
				CLANG_WARN_OBJC_LITERAL_CONVERSION = YES;
				CLANG_WARN_OBJC_ROOT_CLASS = YES_ERROR;
				CLANG_WARN_RANGE_LOOP_ANALYSIS = YES;
				CLANG_WARN_STRICT_PROTOTYPES = YES;
				CLANG_WARN_SUSPICIOUS_MOVE = YES;
				CLANG_WARN_UNGUARDED_AVAILABILITY = YES_AGGRESSIVE;
				CLANG_WARN_UNREACHABLE_CODE = YES;
				CLANG_WARN__DUPLICATE_METHOD_MATCH = YES;
				CODE_SIGN_IDENTITY = "iPhone Developer";
				COPY_PHASE_STRIP = NO;
				DEBUG_INFORMATION_FORMAT = dwarf;
				ENABLE_STRICT_OBJC_MSGSEND = YES;
				ENABLE_TESTABILITY = YES;
				GCC_C_LANGUAGE_STANDARD = gnu11;
				GCC_DYNAMIC_NO_PIC = NO;
				GCC_NO_COMMON_BLOCKS = YES;
				GCC_OPTIMIZATION_LEVEL = 0;
				GCC_PREPROCESSOR_DEFINITIONS = (
					"DEBUG=1",
					"$(inherited)",
				);
				GCC_WARN_64_TO_32_BIT_CONVERSION = YES;
				GCC_WARN_ABOUT_RETURN_TYPE = YES_ERROR;
				GCC_WARN_UNDECLARED_SELECTOR = YES;
				GCC_WARN_UNINITIALIZED_AUTOS = YES_AGGRESSIVE;
				GCC_WARN_UNUSED_FUNCTION = YES;
				GCC_WARN_UNUSED_VARIABLE = YES;
				IPHONEOS_DEPLOYMENT_TARGET = 11.2;
				MTL_ENABLE_DEBUG_INFO = YES;
				ONLY_ACTIVE_ARCH = YES;
				SDKROOT = iphoneos;
				SWIFT_ACTIVE_COMPILATION_CONDITIONS = DEBUG;
				SWIFT_OPTIMIZATION_LEVEL = "-Onone";
			};
			name = Debug;
		};
		87474AD3206DCDE400C4AC9E /* Release */ = {
			isa = XCBuildConfiguration;
			buildSettings = {
				ALWAYS_SEARCH_USER_PATHS = NO;
				CLANG_ANALYZER_NONNULL = YES;
				CLANG_ANALYZER_NUMBER_OBJECT_CONVERSION = YES_AGGRESSIVE;
				CLANG_CXX_LANGUAGE_STANDARD = "gnu++14";
				CLANG_CXX_LIBRARY = "libc++";
				CLANG_ENABLE_MODULES = YES;
				CLANG_ENABLE_OBJC_ARC = YES;
				CLANG_WARN_BLOCK_CAPTURE_AUTORELEASING = YES;
				CLANG_WARN_BOOL_CONVERSION = YES;
				CLANG_WARN_COMMA = YES;
				CLANG_WARN_CONSTANT_CONVERSION = YES;
				CLANG_WARN_DIRECT_OBJC_ISA_USAGE = YES_ERROR;
				CLANG_WARN_DOCUMENTATION_COMMENTS = YES;
				CLANG_WARN_EMPTY_BODY = YES;
				CLANG_WARN_ENUM_CONVERSION = YES;
				CLANG_WARN_INFINITE_RECURSION = YES;
				CLANG_WARN_INT_CONVERSION = YES;
				CLANG_WARN_NON_LITERAL_NULL_CONVERSION = YES;
				CLANG_WARN_OBJC_LITERAL_CONVERSION = YES;
				CLANG_WARN_OBJC_ROOT_CLASS = YES_ERROR;
				CLANG_WARN_RANGE_LOOP_ANALYSIS = YES;
				CLANG_WARN_STRICT_PROTOTYPES = YES;
				CLANG_WARN_SUSPICIOUS_MOVE = YES;
				CLANG_WARN_UNGUARDED_AVAILABILITY = YES_AGGRESSIVE;
				CLANG_WARN_UNREACHABLE_CODE = YES;
				CLANG_WARN__DUPLICATE_METHOD_MATCH = YES;
				CODE_SIGN_IDENTITY = "iPhone Developer";
				COPY_PHASE_STRIP = NO;
				DEBUG_INFORMATION_FORMAT = "dwarf-with-dsym";
				ENABLE_NS_ASSERTIONS = NO;
				ENABLE_STRICT_OBJC_MSGSEND = YES;
				GCC_C_LANGUAGE_STANDARD = gnu11;
				GCC_NO_COMMON_BLOCKS = YES;
				GCC_WARN_64_TO_32_BIT_CONVERSION = YES;
				GCC_WARN_ABOUT_RETURN_TYPE = YES_ERROR;
				GCC_WARN_UNDECLARED_SELECTOR = YES;
				GCC_WARN_UNINITIALIZED_AUTOS = YES_AGGRESSIVE;
				GCC_WARN_UNUSED_FUNCTION = YES;
				GCC_WARN_UNUSED_VARIABLE = YES;
				IPHONEOS_DEPLOYMENT_TARGET = 11.2;
				MTL_ENABLE_DEBUG_INFO = NO;
				SDKROOT = iphoneos;
				SWIFT_OPTIMIZATION_LEVEL = "-Owholemodule";
				VALIDATE_PRODUCT = YES;
			};
			name = Release;
		};
		87474AD5206DCDE400C4AC9E /* Debug */ = {
			isa = XCBuildConfiguration;
			baseConfigurationReference = DCBF341A2CD96031A515712F /* Pods-TableView.debug.xcconfig */;
			buildSettings = {
				ASSETCATALOG_COMPILER_APPICON_NAME = AppIcon;
				CODE_SIGN_STYLE = Automatic;
				INFOPLIST_FILE = TableView/Info.plist;
				LD_RUNPATH_SEARCH_PATHS = "$(inherited) @executable_path/Frameworks";
				PRODUCT_BUNDLE_IDENTIFIER = HN.TableView;
				PRODUCT_NAME = "$(TARGET_NAME)";
				SWIFT_VERSION = 4.0;
				TARGETED_DEVICE_FAMILY = "1,2";
			};
			name = Debug;
		};
		87474AD6206DCDE400C4AC9E /* Release */ = {
			isa = XCBuildConfiguration;
			baseConfigurationReference = 47A7B35010B2DA4F07088132 /* Pods-TableView.release.xcconfig */;
			buildSettings = {
				ASSETCATALOG_COMPILER_APPICON_NAME = AppIcon;
				CODE_SIGN_STYLE = Automatic;
				INFOPLIST_FILE = TableView/Info.plist;
				LD_RUNPATH_SEARCH_PATHS = "$(inherited) @executable_path/Frameworks";
				PRODUCT_BUNDLE_IDENTIFIER = HN.TableView;
				PRODUCT_NAME = "$(TARGET_NAME)";
				SWIFT_VERSION = 4.0;
				TARGETED_DEVICE_FAMILY = "1,2";
			};
			name = Release;
		};
/* End XCBuildConfiguration section */

/* Begin XCConfigurationList section */
		87474ABD206DCDE400C4AC9E /* Build configuration list for PBXProject "TableView" */ = {
			isa = XCConfigurationList;
			buildConfigurations = (
				87474AD2206DCDE400C4AC9E /* Debug */,
				87474AD3206DCDE400C4AC9E /* Release */,
			);
			defaultConfigurationIsVisible = 0;
			defaultConfigurationName = Release;
		};
		87474AD4206DCDE400C4AC9E /* Build configuration list for PBXNativeTarget "TableView" */ = {
			isa = XCConfigurationList;
			buildConfigurations = (
				87474AD5206DCDE400C4AC9E /* Debug */,
				87474AD6206DCDE400C4AC9E /* Release */,
			);
			defaultConfigurationIsVisible = 0;
			defaultConfigurationName = Release;
		};
/* End XCConfigurationList section */
	};
	rootObject = 87474ABA206DCDE400C4AC9E /* Project object */;
}
